
Microsoft Visual Studio Solution File, Format Version 12.00
# Visual Studio Version 16
VisualStudioVersion = 16.0.34407.143
MinimumVisualStudioVersion = 10.0.40219.1
Project("{FAE04EC0-301F-11D3-BF4B-00C04F79EFBC}") = "life-game", "game\life-game.csproj", "{53E2F7C0-63CC-4986-9F1D-29F937AAE958}"
EndProject
Global
	GlobalSection(SolutionConfigurationPlatforms) = preSolution
		Debug|Any CPU = Debug|Any CPU
		Release|Any CPU = Release|Any CPU
	EndGlobalSection
	GlobalSection(ProjectConfigurationPlatforms) = postSolution
		{53E2F7C0-63CC-4986-9F1D-29F937AAE958}.Debug|Any CPU.ActiveCfg = Debug|Any CPU
		{53E2F7C0-63CC-4986-9F1D-29F937AAE958}.Debug|Any CPU.Build.0 = Debug|Any CPU
		{53E2F7C0-63CC-4986-9F1D-29F937AAE958}.Release|Any CPU.ActiveCfg = Release|Any CPU
		{53E2F7C0-63CC-4986-9F1D-29F937AAE958}.Release|Any CPU.Build.0 = Release|Any CPU
	EndGlobalSection
	GlobalSection(SolutionProperties) = preSolution
		HideSolutionNode = FALSE
	EndGlobalSection
	GlobalSection(ExtensibilityGlobals) = postSolution
		SolutionGuid = {26FA9F2E-4C50-4E21-9613-6E5B183FB953}
	EndGlobalSection
EndGlobal
